
Microsoft Visual Studio Solution File, Format Version 12.00
# Visual Studio Version 17
VisualStudioVersion = 17.3.32922.545
MinimumVisualStudioVersion = 10.0.40219.1
Project("{FAE04EC0-301F-11D3-BF4B-00C04F79EFBC}") = "Ouch1978.Wpf.RedisKeyFilterSample", "Ouch1978.Wpf.RedisKeyFilterSample\Ouch1978.Wpf.RedisKeyFilterSample.csproj", "{48DAE55E-6D96-40A3-8116-F519425F3754}"
EndProject
Global
	GlobalSection(SolutionConfigurationPlatforms) = preSolution
		Debug|Any CPU = Debug|Any CPU
		Release|Any CPU = Release|Any CPU
	EndGlobalSection
	GlobalSection(ProjectConfigurationPlatforms) = postSolution
		{48DAE55E-6D96-40A3-8116-F519425F3754}.Debug|Any CPU.ActiveCfg = Debug|Any CPU
		{48DAE55E-6D96-40A3-8116-F519425F3754}.Debug|Any CPU.Build.0 = Debug|Any CPU
		{48DAE55E-6D96-40A3-8116-F519425F3754}.Release|Any CPU.ActiveCfg = Release|Any CPU
		{48DAE55E-6D96-40A3-8116-F519425F3754}.Release|Any CPU.Build.0 = Release|Any CPU
	EndGlobalSection
	GlobalSection(SolutionProperties) = preSolution
		HideSolutionNode = FALSE
	EndGlobalSection
	GlobalSection(ExtensibilityGlobals) = postSolution
		SolutionGuid = {41C1C6E8-54FB-41A7-AE3C-44ADB2ABFD1B}
	EndGlobalSection
EndGlobal
